
Microsoft Visual Studio Solution File, Format Version 12.00
# Visual Studio Version 17
VisualStudioVersion = 17.1.32319.34
MinimumVisualStudioVersion = 10.0.40219.1
Project("{8BC9CEB8-8B4A-11D0-8D11-00A0C91BC942}") = "CPP_Programowanie", "CPP_Programowanie\CPP_Programowanie.vcxproj", "{4F995B78-DDDD-4175-B179-65837BC864A3}"
EndProject
Project("{8BC9CEB8-8B4A-11D0-8D11-00A0C91BC942}") = "Zadanie1.1", "Zadanie1.1\Zadanie1.1.vcxproj", "{8C7DD753-E397-42DE-A209-0B929916A803}"
EndProject
Project("{8BC9CEB8-8B4A-11D0-8D11-00A0C91BC942}") = "Zadanie1.2", "Zadanie1.2\Zadanie1.2.vcxproj", "{12F1F138-58CC-4EBE-86CA-75F42770E8D8}"
EndProject
Project("{8BC9CEB8-8B4A-11D0-8D11-00A0C91BC942}") = "Zadanie1.3", "Zadanie1.3\Zadanie1.3.vcxproj", "{FC6EE572-51BD-4324-BE00-C0CC7F261090}"
EndProject
Project("{8BC9CEB8-8B4A-11D0-8D11-00A0C91BC942}") = "Zadanie1.4", "Zadanie1.4\Zadanie1.4.vcxproj", "{C0DC7507-8275-44C4-9F66-FDBA6D28D7B0}"
EndProject
Project("{8BC9CEB8-8B4A-11D0-8D11-00A0C91BC942}") = "Zadanie1.5", "Zadanie1.5\Zadanie1.5.vcxproj", "{4A3FF3BF-2788-4067-A9B6-D2F1EF40D00A}"
EndProject
Project("{8BC9CEB8-8B4A-11D0-8D11-00A0C91BC942}") = "Zadanie1.6", "Zadanie1.6\Zadanie1.6.vcxproj", "{414C0C63-D9AF-48CC-B804-0DD09CA88E28}"
EndProject
Project("{8BC9CEB8-8B4A-11D0-8D11-00A0C91BC942}") = "Zadanie1.5inne_solution", "Zadanie1.5inne_solution\Zadanie1.5inne_solution.vcxproj", "{96645E20-66E0-42A6-9045-975E0F20845C}"
EndProject
Project("{8BC9CEB8-8B4A-11D0-8D11-00A0C91BC942}") = "Zadanie1.7", "Zadanie1.7\Zadanie1.7.vcxproj", "{F5FA6037-902E-43B3-A131-190392714F47}"
EndProject
Project("{8BC9CEB8-8B4A-11D0-8D11-00A0C91BC942}") = "Zadanie1.9", "Zadanie1.9\Zadanie1.9.vcxproj", "{A009BC91-3063-4DEA-B9E4-25C0DD7789E0}"
EndProject
Project("{8BC9CEB8-8B4A-11D0-8D11-00A0C91BC942}") = "Zadanie2.1", "Zadanie2.1\Zadanie2.1.vcxproj", "{031D02A4-6987-40D9-9860-B5BF25AE2F19}"
EndProject
Project("{8BC9CEB8-8B4A-11D0-8D11-00A0C91BC942}") = "Zadanie2.2", "Zadanie2.2\Zadanie2.2.vcxproj", "{BB9D41EA-3024-4A93-8AAF-585C7DB6CACA}"
EndProject
Project("{8BC9CEB8-8B4A-11D0-8D11-00A0C91BC942}") = "Zadania2.4", "Zadania2.4\Zadania2.4.vcxproj", "{0E3FC6CC-3532-470F-BCB5-AB32EEB8796B}"
EndProject
Project("{8BC9CEB8-8B4A-11D0-8D11-00A0C91BC942}") = "zadanie2.5", "zadanie2.5\zadanie2.5.vcxproj", "{51B9C1E3-E3CE-4E7A-9763-F91A932E3064}"
EndProject
Project("{8BC9CEB8-8B4A-11D0-8D11-00A0C91BC942}") = "Zadanie2.3", "Zadanie2.3\Zadanie2.3.vcxproj", "{154CE090-2C30-4D65-84E1-FE76272D4B24}"
EndProject
Project("{8BC9CEB8-8B4A-11D0-8D11-00A0C91BC942}") = "Zadanie2.4", "Zadanie2.4\Zadanie2.4.vcxproj", "{A06AE69C-6F73-4802-A9E3-03D67DAACD4D}"
EndProject
Project("{8BC9CEB8-8B4A-11D0-8D11-00A0C91BC942}") = "Zadanie2.6", "Zadanie2.6\Zadanie2.6.vcxproj", "{B67528F0-2B92-4BC6-BE36-0F55CCC2B1A7}"
EndProject
Project("{8BC9CEB8-8B4A-11D0-8D11-00A0C91BC942}") = "Zadanie3.1", "Zadanie3.1\Zadanie3.1.vcxproj", "{C6530F73-3A16-4553-AC5A-AC1FFF66F977}"
EndProject
Project("{8BC9CEB8-8B4A-11D0-8D11-00A0C91BC942}") = "Zadanie3.2", "Zadanie3.2\Zadanie3.2.vcxproj", "{FE7D607D-31F2-4A3A-A9EA-A586BD2EBB21}"
EndProject
Project("{8BC9CEB8-8B4A-11D0-8D11-00A0C91BC942}") = "Zadanie3.3", "Zadanie3.3\Zadanie3.3.vcxproj", "{F392AC81-EF40-461F-8368-3242FEE1799E}"
EndProject
Project("{8BC9CEB8-8B4A-11D0-8D11-00A0C91BC942}") = "Zadanie4.2", "Zadanie4.2\Zadanie4.2.vcxproj", "{8E439BCA-434B-4E8D-BE37-578BE7A81EC2}"
EndProject
Project("{8BC9CEB8-8B4A-11D0-8D11-00A0C91BC942}") = "Zadanie4.3", "Zadanie4.3\Zadanie4.3.vcxproj", "{A2EBDE4F-117E-4BCD-8877-82DDDCCAACF8}"
EndProject
Project("{8BC9CEB8-8B4A-11D0-8D11-00A0C91BC942}") = "Zadanie4.4", "Zadanie4.4\Zadanie4.4.vcxproj", "{9BB678D9-D03B-460B-A81B-D0AA3F58D704}"
EndProject
Project("{8BC9CEB8-8B4A-11D0-8D11-00A0C91BC942}") = "Zadanie4.6", "Zadanie4.6\Zadanie4.6.vcxproj", "{D006EC99-D874-401E-A881-C2D46443DAC0}"
EndProject
Project("{8BC9CEB8-8B4A-11D0-8D11-00A0C91BC942}") = "Zasanie4.7", "Zasanie4.7\Zasanie4.7.vcxproj", "{5C249020-6489-4D8F-9160-6C4A50DB4678}"
EndProject
Project("{8BC9CEB8-8B4A-11D0-8D11-00A0C91BC942}") = "Zadanie4.8", "Zadanie4.8\Zadanie4.8.vcxproj", "{433EF80E-CCA3-4F22-B872-6D1B2AFF8E66}"
EndProject
Project("{8BC9CEB8-8B4A-11D0-8D11-00A0C91BC942}") = "Zadanie4.9", "Zadanie4.9\Zadanie4.9.vcxproj", "{CD2F5A15-80F7-412F-810B-394B4BB584F7}"
EndProject
Project("{8BC9CEB8-8B4A-11D0-8D11-00A0C91BC942}") = "Zadanie4.9b", "Zadanie4.9b\Zadanie4.9b.vcxproj", "{59510F0C-3A14-42E3-B141-022A269E8023}"
EndProject
Project("{8BC9CEB8-8B4A-11D0-8D11-00A0C91BC942}") = "Zadanie4.10", "Zadanie4.10\Zadanie4.10.vcxproj", "{7F3C780B-3CD1-419E-86B0-CF2513A293D7}"
EndProject
Project("{8BC9CEB8-8B4A-11D0-8D11-00A0C91BC942}") = "Zadanie4.10b", "Zadanie4.10b\Zadanie4.10b.vcxproj", "{A33ECEB0-4AAC-4CB4-B396-E1752D52ED30}"
EndProject
Project("{8BC9CEB8-8B4A-11D0-8D11-00A0C91BC942}") = "Zadanie4.10ok", "Zadanie4.10ok\Zadanie4.10ok.vcxproj", "{CE74E2B7-9894-454C-B9B8-B12127203775}"
EndProject
Project("{8BC9CEB8-8B4A-11D0-8D11-00A0C91BC942}") = "Zadanie5.1", "Zadanie5.1\Zadanie5.1.vcxproj", "{B9FDCC92-C749-428D-B2C5-66FCD6AF829A}"
EndProject
Project("{8BC9CEB8-8B4A-11D0-8D11-00A0C91BC942}") = "Zadanie5.2", "Zadanie5.2\Zadanie5.2.vcxproj", "{1BA4F111-8B11-463E-AB7A-777A22F674C7}"
EndProject
Project("{8BC9CEB8-8B4A-11D0-8D11-00A0C91BC942}") = "Zadanie5.3", "Zadanie5.3\Zadanie5.3.vcxproj", "{BA01B870-A4F0-44B0-969F-57D11B2BDAD3}"
EndProject
Project("{8BC9CEB8-8B4A-11D0-8D11-00A0C91BC942}") = "Zadanie5.3ok", "Zadanie5.3ok\Zadanie5.3ok.vcxproj", "{B8CB4319-0E06-4298-9F01-388B91312F04}"
EndProject
Project("{8BC9CEB8-8B4A-11D0-8D11-00A0C91BC942}") = "Zadanie5.5", "Zadanie5.5\Zadanie5.5.vcxproj", "{65DF4573-9BCE-4C18-AB78-4009F84A6815}"
EndProject
Project("{8BC9CEB8-8B4A-11D0-8D11-00A0C91BC942}") = "Zadanie5.5B", "Zadanie5.5B\Zadanie5.5B.vcxproj", "{A41B93CF-0098-4756-8B20-AF1A046DEFBB}"
EndProject
Project("{8BC9CEB8-8B4A-11D0-8D11-00A0C91BC942}") = "Zadanie5.5all", "Zadanie5.5all\Zadanie5.5all.vcxproj", "{F23A7B78-D0EA-40B9-A12D-065FBC50C10D}"
EndProject
Project("{8BC9CEB8-8B4A-11D0-8D11-00A0C91BC942}") = "Zadanie5.7a", "Zadanie5.7a\Zadanie5.7a.vcxproj", "{ED4B73A3-5A3A-4FF0-8B5D-A0364DC1B698}"
EndProject
Project("{8BC9CEB8-8B4A-11D0-8D11-00A0C91BC942}") = "Zadanie5.8", "Zadanie5.8\Zadanie5.8.vcxproj", "{F9470620-D4E9-47F8-8F03-EBF848AAFEA1}"
EndProject
Project("{8BC9CEB8-8B4A-11D0-8D11-00A0C91BC942}") = "Zadanie5.9", "Zadanie5.9\Zadanie5.9.vcxproj", "{1B2F9A0B-C9EB-44DD-A1CF-0A7CA51CA9ED}"
EndProject
Project("{8BC9CEB8-8B4A-11D0-8D11-00A0C91BC942}") = "Zadanie_main", "Zadanie_main\Zadanie_main.vcxproj", "{854894F0-A8ED-4450-BAA4-1B3D2D26B467}"
EndProject
Project("{8BC9CEB8-8B4A-11D0-8D11-00A0C91BC942}") = "Zadanie6.1", "Zadanie6.1\Zadanie6.1.vcxproj", "{70012826-8F11-4CBE-A43E-E25818E398DE}"
EndProject
Project("{8BC9CEB8-8B4A-11D0-8D11-00A0C91BC942}") = "Zadanie7.1", "Zadanie7.1\Zadanie7.1.vcxproj", "{02FB85FB-637F-4F9B-9D1B-08B71927643E}"
EndProject
Project("{8BC9CEB8-8B4A-11D0-8D11-00A0C91BC942}") = "Zadanie7.2", "Zadanie7.2\Zadanie7.2.vcxproj", "{08E3CCD7-9D50-49A8-8F69-D017FC44BD32}"
EndProject
Project("{8BC9CEB8-8B4A-11D0-8D11-00A0C91BC942}") = "Zadanie7.3", "Zadanie7.3\Zadanie7.3.vcxproj", "{8B56C727-B018-43E4-BF59-1DDC336E8D87}"
EndProject
Project("{8BC9CEB8-8B4A-11D0-8D11-00A0C91BC942}") = "Zadanie7.4", "Zadanie7.4\Zadanie7.4.vcxproj", "{C161D8EC-7D52-4BC1-AD51-CE1EBB44D14E}"
EndProject
Project("{8BC9CEB8-8B4A-11D0-8D11-00A0C91BC942}") = "Zadanie7.11", "Zadanie7.11\Zadanie7.11.vcxproj", "{86FC3E2B-2598-458F-831A-9DDE776137E2}"
EndProject
Global
	GlobalSection(SolutionConfigurationPlatforms) = preSolution
		Debug|x64 = Debug|x64
		Debug|x86 = Debug|x86
		Release|x64 = Release|x64
		Release|x86 = Release|x86
	EndGlobalSection
	GlobalSection(ProjectConfigurationPlatforms) = postSolution
		{4F995B78-DDDD-4175-B179-65837BC864A3}.Debug|x64.ActiveCfg = Debug|x64
		{4F995B78-DDDD-4175-B179-65837BC864A3}.Debug|x64.Build.0 = Debug|x64
		{4F995B78-DDDD-4175-B179-65837BC864A3}.Debug|x86.ActiveCfg = Debug|Win32
		{4F995B78-DDDD-4175-B179-65837BC864A3}.Debug|x86.Build.0 = Debug|Win32
		{4F995B78-DDDD-4175-B179-65837BC864A3}.Release|x64.ActiveCfg = Release|x64
		{4F995B78-DDDD-4175-B179-65837BC864A3}.Release|x64.Build.0 = Release|x64
		{4F995B78-DDDD-4175-B179-65837BC864A3}.Release|x86.ActiveCfg = Release|Win32
		{4F995B78-DDDD-4175-B179-65837BC864A3}.Release|x86.Build.0 = Release|Win32
		{8C7DD753-E397-42DE-A209-0B929916A803}.Debug|x64.ActiveCfg = Debug|x64
		{8C7DD753-E397-42DE-A209-0B929916A803}.Debug|x64.Build.0 = Debug|x64
		{8C7DD753-E397-42DE-A209-0B929916A803}.Debug|x86.ActiveCfg = Debug|Win32
		{8C7DD753-E397-42DE-A209-0B929916A803}.Debug|x86.Build.0 = Debug|Win32
		{8C7DD753-E397-42DE-A209-0B929916A803}.Release|x64.ActiveCfg = Release|x64
		{8C7DD753-E397-42DE-A209-0B929916A803}.Release|x64.Build.0 = Release|x64
		{8C7DD753-E397-42DE-A209-0B929916A803}.Release|x86.ActiveCfg = Release|Win32
		{8C7DD753-E397-42DE-A209-0B929916A803}.Release|x86.Build.0 = Release|Win32
		{12F1F138-58CC-4EBE-86CA-75F42770E8D8}.Debug|x64.ActiveCfg = Debug|x64
		{12F1F138-58CC-4EBE-86CA-75F42770E8D8}.Debug|x64.Build.0 = Debug|x64
		{12F1F138-58CC-4EBE-86CA-75F42770E8D8}.Debug|x86.ActiveCfg = Debug|Win32
		{12F1F138-58CC-4EBE-86CA-75F42770E8D8}.Debug|x86.Build.0 = Debug|Win32
		{12F1F138-58CC-4EBE-86CA-75F42770E8D8}.Release|x64.ActiveCfg = Release|x64
		{12F1F138-58CC-4EBE-86CA-75F42770E8D8}.Release|x64.Build.0 = Release|x64
		{12F1F138-58CC-4EBE-86CA-75F42770E8D8}.Release|x86.ActiveCfg = Release|Win32
		{12F1F138-58CC-4EBE-86CA-75F42770E8D8}.Release|x86.Build.0 = Release|Win32
		{FC6EE572-51BD-4324-BE00-C0CC7F261090}.Debug|x64.ActiveCfg = Debug|x64
		{FC6EE572-51BD-4324-BE00-C0CC7F261090}.Debug|x64.Build.0 = Debug|x64
		{FC6EE572-51BD-4324-BE00-C0CC7F261090}.Debug|x86.ActiveCfg = Debug|Win32
		{FC6EE572-51BD-4324-BE00-C0CC7F261090}.Debug|x86.Build.0 = Debug|Win32
		{FC6EE572-51BD-4324-BE00-C0CC7F261090}.Release|x64.ActiveCfg = Release|x64
		{FC6EE572-51BD-4324-BE00-C0CC7F261090}.Release|x64.Build.0 = Release|x64
		{FC6EE572-51BD-4324-BE00-C0CC7F261090}.Release|x86.ActiveCfg = Release|Win32
		{FC6EE572-51BD-4324-BE00-C0CC7F261090}.Release|x86.Build.0 = Release|Win32
		{C0DC7507-8275-44C4-9F66-FDBA6D28D7B0}.Debug|x64.ActiveCfg = Debug|x64
		{C0DC7507-8275-44C4-9F66-FDBA6D28D7B0}.Debug|x64.Build.0 = Debug|x64
		{C0DC7507-8275-44C4-9F66-FDBA6D28D7B0}.Debug|x86.ActiveCfg = Debug|Win32
		{C0DC7507-8275-44C4-9F66-FDBA6D28D7B0}.Debug|x86.Build.0 = Debug|Win32
		{C0DC7507-8275-44C4-9F66-FDBA6D28D7B0}.Release|x64.ActiveCfg = Release|x64
		{C0DC7507-8275-44C4-9F66-FDBA6D28D7B0}.Release|x64.Build.0 = Release|x64
		{C0DC7507-8275-44C4-9F66-FDBA6D28D7B0}.Release|x86.ActiveCfg = Release|Win32
		{C0DC7507-8275-44C4-9F66-FDBA6D28D7B0}.Release|x86.Build.0 = Release|Win32
		{4A3FF3BF-2788-4067-A9B6-D2F1EF40D00A}.Debug|x64.ActiveCfg = Debug|x64
		{4A3FF3BF-2788-4067-A9B6-D2F1EF40D00A}.Debug|x64.Build.0 = Debug|x64
		{4A3FF3BF-2788-4067-A9B6-D2F1EF40D00A}.Debug|x86.ActiveCfg = Debug|Win32
		{4A3FF3BF-2788-4067-A9B6-D2F1EF40D00A}.Debug|x86.Build.0 = Debug|Win32
		{4A3FF3BF-2788-4067-A9B6-D2F1EF40D00A}.Release|x64.ActiveCfg = Release|x64
		{4A3FF3BF-2788-4067-A9B6-D2F1EF40D00A}.Release|x64.Build.0 = Release|x64
		{4A3FF3BF-2788-4067-A9B6-D2F1EF40D00A}.Release|x86.ActiveCfg = Release|Win32
		{4A3FF3BF-2788-4067-A9B6-D2F1EF40D00A}.Release|x86.Build.0 = Release|Win32
		{414C0C63-D9AF-48CC-B804-0DD09CA88E28}.Debug|x64.ActiveCfg = Debug|x64
		{414C0C63-D9AF-48CC-B804-0DD09CA88E28}.Debug|x64.Build.0 = Debug|x64
		{414C0C63-D9AF-48CC-B804-0DD09CA88E28}.Debug|x86.ActiveCfg = Debug|Win32
		{414C0C63-D9AF-48CC-B804-0DD09CA88E28}.Debug|x86.Build.0 = Debug|Win32
		{414C0C63-D9AF-48CC-B804-0DD09CA88E28}.Release|x64.ActiveCfg = Release|x64
		{414C0C63-D9AF-48CC-B804-0DD09CA88E28}.Release|x64.Build.0 = Release|x64
		{414C0C63-D9AF-48CC-B804-0DD09CA88E28}.Release|x86.ActiveCfg = Release|Win32
		{414C0C63-D9AF-48CC-B804-0DD09CA88E28}.Release|x86.Build.0 = Release|Win32
		{96645E20-66E0-42A6-9045-975E0F20845C}.Debug|x64.ActiveCfg = Debug|x64
		{96645E20-66E0-42A6-9045-975E0F20845C}.Debug|x64.Build.0 = Debug|x64
		{96645E20-66E0-42A6-9045-975E0F20845C}.Debug|x86.ActiveCfg = Debug|Win32
		{96645E20-66E0-42A6-9045-975E0F20845C}.Debug|x86.Build.0 = Debug|Win32
		{96645E20-66E0-42A6-9045-975E0F20845C}.Release|x64.ActiveCfg = Release|x64
		{96645E20-66E0-42A6-9045-975E0F20845C}.Release|x64.Build.0 = Release|x64
		{96645E20-66E0-42A6-9045-975E0F20845C}.Release|x86.ActiveCfg = Release|Win32
		{96645E20-66E0-42A6-9045-975E0F20845C}.Release|x86.Build.0 = Release|Win32
		{F5FA6037-902E-43B3-A131-190392714F47}.Debug|x64.ActiveCfg = Debug|x64
		{F5FA6037-902E-43B3-A131-190392714F47}.Debug|x64.Build.0 = Debug|x64
		{F5FA6037-902E-43B3-A131-190392714F47}.Debug|x86.ActiveCfg = Debug|Win32
		{F5FA6037-902E-43B3-A131-190392714F47}.Debug|x86.Build.0 = Debug|Win32
		{F5FA6037-902E-43B3-A131-190392714F47}.Release|x64.ActiveCfg = Release|x64
		{F5FA6037-902E-43B3-A131-190392714F47}.Release|x64.Build.0 = Release|x64
		{F5FA6037-902E-43B3-A131-190392714F47}.Release|x86.ActiveCfg = Release|Win32
		{F5FA6037-902E-43B3-A131-190392714F47}.Release|x86.Build.0 = Release|Win32
		{A009BC91-3063-4DEA-B9E4-25C0DD7789E0}.Debug|x64.ActiveCfg = Debug|x64
		{A009BC91-3063-4DEA-B9E4-25C0DD7789E0}.Debug|x64.Build.0 = Debug|x64
		{A009BC91-3063-4DEA-B9E4-25C0DD7789E0}.Debug|x86.ActiveCfg = Debug|Win32
		{A009BC91-3063-4DEA-B9E4-25C0DD7789E0}.Debug|x86.Build.0 = Debug|Win32
		{A009BC91-3063-4DEA-B9E4-25C0DD7789E0}.Release|x64.ActiveCfg = Release|x64
		{A009BC91-3063-4DEA-B9E4-25C0DD7789E0}.Release|x64.Build.0 = Release|x64
		{A009BC91-3063-4DEA-B9E4-25C0DD7789E0}.Release|x86.ActiveCfg = Release|Win32
		{A009BC91-3063-4DEA-B9E4-25C0DD7789E0}.Release|x86.Build.0 = Release|Win32
		{031D02A4-6987-40D9-9860-B5BF25AE2F19}.Debug|x64.ActiveCfg = Debug|x64
		{031D02A4-6987-40D9-9860-B5BF25AE2F19}.Debug|x64.Build.0 = Debug|x64
		{031D02A4-6987-40D9-9860-B5BF25AE2F19}.Debug|x86.ActiveCfg = Debug|Win32
		{031D02A4-6987-40D9-9860-B5BF25AE2F19}.Debug|x86.Build.0 = Debug|Win32
		{031D02A4-6987-40D9-9860-B5BF25AE2F19}.Release|x64.ActiveCfg = Release|x64
		{031D02A4-6987-40D9-9860-B5BF25AE2F19}.Release|x64.Build.0 = Release|x64
		{031D02A4-6987-40D9-9860-B5BF25AE2F19}.Release|x86.ActiveCfg = Release|Win32
		{031D02A4-6987-40D9-9860-B5BF25AE2F19}.Release|x86.Build.0 = Release|Win32
		{BB9D41EA-3024-4A93-8AAF-585C7DB6CACA}.Debug|x64.ActiveCfg = Debug|x64
		{BB9D41EA-3024-4A93-8AAF-585C7DB6CACA}.Debug|x64.Build.0 = Debug|x64
		{BB9D41EA-3024-4A93-8AAF-585C7DB6CACA}.Debug|x86.ActiveCfg = Debug|Win32
		{BB9D41EA-3024-4A93-8AAF-585C7DB6CACA}.Debug|x86.Build.0 = Debug|Win32
		{BB9D41EA-3024-4A93-8AAF-585C7DB6CACA}.Release|x64.ActiveCfg = Release|x64
		{BB9D41EA-3024-4A93-8AAF-585C7DB6CACA}.Release|x64.Build.0 = Release|x64
		{BB9D41EA-3024-4A93-8AAF-585C7DB6CACA}.Release|x86.ActiveCfg = Release|Win32
		{BB9D41EA-3024-4A93-8AAF-585C7DB6CACA}.Release|x86.Build.0 = Release|Win32
		{0E3FC6CC-3532-470F-BCB5-AB32EEB8796B}.Debug|x64.ActiveCfg = Debug|x64
		{0E3FC6CC-3532-470F-BCB5-AB32EEB8796B}.Debug|x64.Build.0 = Debug|x64
		{0E3FC6CC-3532-470F-BCB5-AB32EEB8796B}.Debug|x86.ActiveCfg = Debug|Win32
		{0E3FC6CC-3532-470F-BCB5-AB32EEB8796B}.Debug|x86.Build.0 = Debug|Win32
		{0E3FC6CC-3532-470F-BCB5-AB32EEB8796B}.Release|x64.ActiveCfg = Release|x64
		{0E3FC6CC-3532-470F-BCB5-AB32EEB8796B}.Release|x64.Build.0 = Release|x64
		{0E3FC6CC-3532-470F-BCB5-AB32EEB8796B}.Release|x86.ActiveCfg = Release|Win32
		{0E3FC6CC-3532-470F-BCB5-AB32EEB8796B}.Release|x86.Build.0 = Release|Win32
		{51B9C1E3-E3CE-4E7A-9763-F91A932E3064}.Debug|x64.ActiveCfg = Debug|x64
		{51B9C1E3-E3CE-4E7A-9763-F91A932E3064}.Debug|x64.Build.0 = Debug|x64
		{51B9C1E3-E3CE-4E7A-9763-F91A932E3064}.Debug|x86.ActiveCfg = Debug|Win32
		{51B9C1E3-E3CE-4E7A-9763-F91A932E3064}.Debug|x86.Build.0 = Debug|Win32
		{51B9C1E3-E3CE-4E7A-9763-F91A932E3064}.Release|x64.ActiveCfg = Release|x64
		{51B9C1E3-E3CE-4E7A-9763-F91A932E3064}.Release|x64.Build.0 = Release|x64
		{51B9C1E3-E3CE-4E7A-9763-F91A932E3064}.Release|x86.ActiveCfg = Release|Win32
		{51B9C1E3-E3CE-4E7A-9763-F91A932E3064}.Release|x86.Build.0 = Release|Win32
		{154CE090-2C30-4D65-84E1-FE76272D4B24}.Debug|x64.ActiveCfg = Debug|x64
		{154CE090-2C30-4D65-84E1-FE76272D4B24}.Debug|x64.Build.0 = Debug|x64
		{154CE090-2C30-4D65-84E1-FE76272D4B24}.Debug|x86.ActiveCfg = Debug|Win32
		{154CE090-2C30-4D65-84E1-FE76272D4B24}.Debug|x86.Build.0 = Debug|Win32
		{154CE090-2C30-4D65-84E1-FE76272D4B24}.Release|x64.ActiveCfg = Release|x64
		{154CE090-2C30-4D65-84E1-FE76272D4B24}.Release|x64.Build.0 = Release|x64
		{154CE090-2C30-4D65-84E1-FE76272D4B24}.Release|x86.ActiveCfg = Release|Win32
		{154CE090-2C30-4D65-84E1-FE76272D4B24}.Release|x86.Build.0 = Release|Win32
		{A06AE69C-6F73-4802-A9E3-03D67DAACD4D}.Debug|x64.ActiveCfg = Debug|x64
		{A06AE69C-6F73-4802-A9E3-03D67DAACD4D}.Debug|x64.Build.0 = Debug|x64
		{A06AE69C-6F73-4802-A9E3-03D67DAACD4D}.Debug|x86.ActiveCfg = Debug|Win32
		{A06AE69C-6F73-4802-A9E3-03D67DAACD4D}.Debug|x86.Build.0 = Debug|Win32
		{A06AE69C-6F73-4802-A9E3-03D67DAACD4D}.Release|x64.ActiveCfg = Release|x64
		{A06AE69C-6F73-4802-A9E3-03D67DAACD4D}.Release|x64.Build.0 = Release|x64
		{A06AE69C-6F73-4802-A9E3-03D67DAACD4D}.Release|x86.ActiveCfg = Release|Win32
		{A06AE69C-6F73-4802-A9E3-03D67DAACD4D}.Release|x86.Build.0 = Release|Win32
		{B67528F0-2B92-4BC6-BE36-0F55CCC2B1A7}.Debug|x64.ActiveCfg = Debug|x64
		{B67528F0-2B92-4BC6-BE36-0F55CCC2B1A7}.Debug|x64.Build.0 = Debug|x64
		{B67528F0-2B92-4BC6-BE36-0F55CCC2B1A7}.Debug|x86.ActiveCfg = Debug|Win32
		{B67528F0-2B92-4BC6-BE36-0F55CCC2B1A7}.Debug|x86.Build.0 = Debug|Win32
		{B67528F0-2B92-4BC6-BE36-0F55CCC2B1A7}.Release|x64.ActiveCfg = Release|x64
		{B67528F0-2B92-4BC6-BE36-0F55CCC2B1A7}.Release|x64.Build.0 = Release|x64
		{B67528F0-2B92-4BC6-BE36-0F55CCC2B1A7}.Release|x86.ActiveCfg = Release|Win32
		{B67528F0-2B92-4BC6-BE36-0F55CCC2B1A7}.Release|x86.Build.0 = Release|Win32
		{C6530F73-3A16-4553-AC5A-AC1FFF66F977}.Debug|x64.ActiveCfg = Debug|x64
		{C6530F73-3A16-4553-AC5A-AC1FFF66F977}.Debug|x64.Build.0 = Debug|x64
		{C6530F73-3A16-4553-AC5A-AC1FFF66F977}.Debug|x86.ActiveCfg = Debug|Win32
		{C6530F73-3A16-4553-AC5A-AC1FFF66F977}.Debug|x86.Build.0 = Debug|Win32
		{C6530F73-3A16-4553-AC5A-AC1FFF66F977}.Release|x64.ActiveCfg = Release|x64
		{C6530F73-3A16-4553-AC5A-AC1FFF66F977}.Release|x64.Build.0 = Release|x64
		{C6530F73-3A16-4553-AC5A-AC1FFF66F977}.Release|x86.ActiveCfg = Release|Win32
		{C6530F73-3A16-4553-AC5A-AC1FFF66F977}.Release|x86.Build.0 = Release|Win32
		{FE7D607D-31F2-4A3A-A9EA-A586BD2EBB21}.Debug|x64.ActiveCfg = Debug|x64
		{FE7D607D-31F2-4A3A-A9EA-A586BD2EBB21}.Debug|x64.Build.0 = Debug|x64
		{FE7D607D-31F2-4A3A-A9EA-A586BD2EBB21}.Debug|x86.ActiveCfg = Debug|Win32
		{FE7D607D-31F2-4A3A-A9EA-A586BD2EBB21}.Debug|x86.Build.0 = Debug|Win32
		{FE7D607D-31F2-4A3A-A9EA-A586BD2EBB21}.Release|x64.ActiveCfg = Release|x64
		{FE7D607D-31F2-4A3A-A9EA-A586BD2EBB21}.Release|x64.Build.0 = Release|x64
		{FE7D607D-31F2-4A3A-A9EA-A586BD2EBB21}.Release|x86.ActiveCfg = Release|Win32
		{FE7D607D-31F2-4A3A-A9EA-A586BD2EBB21}.Release|x86.Build.0 = Release|Win32
		{F392AC81-EF40-461F-8368-3242FEE1799E}.Debug|x64.ActiveCfg = Debug|x64
		{F392AC81-EF40-461F-8368-3242FEE1799E}.Debug|x64.Build.0 = Debug|x64
		{F392AC81-EF40-461F-8368-3242FEE1799E}.Debug|x86.ActiveCfg = Debug|Win32
		{F392AC81-EF40-461F-8368-3242FEE1799E}.Debug|x86.Build.0 = Debug|Win32
		{F392AC81-EF40-461F-8368-3242FEE1799E}.Release|x64.ActiveCfg = Release|x64
		{F392AC81-EF40-461F-8368-3242FEE1799E}.Release|x64.Build.0 = Release|x64
		{F392AC81-EF40-461F-8368-3242FEE1799E}.Release|x86.ActiveCfg = Release|Win32
		{F392AC81-EF40-461F-8368-3242FEE1799E}.Release|x86.Build.0 = Release|Win32
		{8E439BCA-434B-4E8D-BE37-578BE7A81EC2}.Debug|x64.ActiveCfg = Debug|x64
		{8E439BCA-434B-4E8D-BE37-578BE7A81EC2}.Debug|x64.Build.0 = Debug|x64
		{8E439BCA-434B-4E8D-BE37-578BE7A81EC2}.Debug|x86.ActiveCfg = Debug|Win32
		{8E439BCA-434B-4E8D-BE37-578BE7A81EC2}.Debug|x86.Build.0 = Debug|Win32
		{8E439BCA-434B-4E8D-BE37-578BE7A81EC2}.Release|x64.ActiveCfg = Release|x64
		{8E439BCA-434B-4E8D-BE37-578BE7A81EC2}.Release|x64.Build.0 = Release|x64
		{8E439BCA-434B-4E8D-BE37-578BE7A81EC2}.Release|x86.ActiveCfg = Release|Win32
		{8E439BCA-434B-4E8D-BE37-578BE7A81EC2}.Release|x86.Build.0 = Release|Win32
		{A2EBDE4F-117E-4BCD-8877-82DDDCCAACF8}.Debug|x64.ActiveCfg = Debug|x64
		{A2EBDE4F-117E-4BCD-8877-82DDDCCAACF8}.Debug|x64.Build.0 = Debug|x64
		{A2EBDE4F-117E-4BCD-8877-82DDDCCAACF8}.Debug|x86.ActiveCfg = Debug|Win32
		{A2EBDE4F-117E-4BCD-8877-82DDDCCAACF8}.Debug|x86.Build.0 = Debug|Win32
		{A2EBDE4F-117E-4BCD-8877-82DDDCCAACF8}.Release|x64.ActiveCfg = Release|x64
		{A2EBDE4F-117E-4BCD-8877-82DDDCCAACF8}.Release|x64.Build.0 = Release|x64
		{A2EBDE4F-117E-4BCD-8877-82DDDCCAACF8}.Release|x86.ActiveCfg = Release|Win32
		{A2EBDE4F-117E-4BCD-8877-82DDDCCAACF8}.Release|x86.Build.0 = Release|Win32
		{9BB678D9-D03B-460B-A81B-D0AA3F58D704}.Debug|x64.ActiveCfg = Debug|x64
		{9BB678D9-D03B-460B-A81B-D0AA3F58D704}.Debug|x64.Build.0 = Debug|x64
		{9BB678D9-D03B-460B-A81B-D0AA3F58D704}.Debug|x86.ActiveCfg = Debug|Win32
		{9BB678D9-D03B-460B-A81B-D0AA3F58D704}.Debug|x86.Build.0 = Debug|Win32
		{9BB678D9-D03B-460B-A81B-D0AA3F58D704}.Release|x64.ActiveCfg = Release|x64
		{9BB678D9-D03B-460B-A81B-D0AA3F58D704}.Release|x64.Build.0 = Release|x64
		{9BB678D9-D03B-460B-A81B-D0AA3F58D704}.Release|x86.ActiveCfg = Release|Win32
		{9BB678D9-D03B-460B-A81B-D0AA3F58D704}.Release|x86.Build.0 = Release|Win32
		{D006EC99-D874-401E-A881-C2D46443DAC0}.Debug|x64.ActiveCfg = Debug|x64
		{D006EC99-D874-401E-A881-C2D46443DAC0}.Debug|x64.Build.0 = Debug|x64
		{D006EC99-D874-401E-A881-C2D46443DAC0}.Debug|x86.ActiveCfg = Debug|Win32
		{D006EC99-D874-401E-A881-C2D46443DAC0}.Debug|x86.Build.0 = Debug|Win32
		{D006EC99-D874-401E-A881-C2D46443DAC0}.Release|x64.ActiveCfg = Release|x64
		{D006EC99-D874-401E-A881-C2D46443DAC0}.Release|x64.Build.0 = Release|x64
		{D006EC99-D874-401E-A881-C2D46443DAC0}.Release|x86.ActiveCfg = Release|Win32
		{D006EC99-D874-401E-A881-C2D46443DAC0}.Release|x86.Build.0 = Release|Win32
		{5C249020-6489-4D8F-9160-6C4A50DB4678}.Debug|x64.ActiveCfg = Debug|x64
		{5C249020-6489-4D8F-9160-6C4A50DB4678}.Debug|x64.Build.0 = Debug|x64
		{5C249020-6489-4D8F-9160-6C4A50DB4678}.Debug|x86.ActiveCfg = Debug|Win32
		{5C249020-6489-4D8F-9160-6C4A50DB4678}.Debug|x86.Build.0 = Debug|Win32
		{5C249020-6489-4D8F-9160-6C4A50DB4678}.Release|x64.ActiveCfg = Release|x64
		{5C249020-6489-4D8F-9160-6C4A50DB4678}.Release|x64.Build.0 = Release|x64
		{5C249020-6489-4D8F-9160-6C4A50DB4678}.Release|x86.ActiveCfg = Release|Win32
		{5C249020-6489-4D8F-9160-6C4A50DB4678}.Release|x86.Build.0 = Release|Win32
		{433EF80E-CCA3-4F22-B872-6D1B2AFF8E66}.Debug|x64.ActiveCfg = Debug|x64
		{433EF80E-CCA3-4F22-B872-6D1B2AFF8E66}.Debug|x64.Build.0 = Debug|x64
		{433EF80E-CCA3-4F22-B872-6D1B2AFF8E66}.Debug|x86.ActiveCfg = Debug|Win32
		{433EF80E-CCA3-4F22-B872-6D1B2AFF8E66}.Debug|x86.Build.0 = Debug|Win32
		{433EF80E-CCA3-4F22-B872-6D1B2AFF8E66}.Release|x64.ActiveCfg = Release|x64
		{433EF80E-CCA3-4F22-B872-6D1B2AFF8E66}.Release|x64.Build.0 = Release|x64
		{433EF80E-CCA3-4F22-B872-6D1B2AFF8E66}.Release|x86.ActiveCfg = Release|Win32
		{433EF80E-CCA3-4F22-B872-6D1B2AFF8E66}.Release|x86.Build.0 = Release|Win32
		{CD2F5A15-80F7-412F-810B-394B4BB584F7}.Debug|x64.ActiveCfg = Debug|x64
		{CD2F5A15-80F7-412F-810B-394B4BB584F7}.Debug|x64.Build.0 = Debug|x64
		{CD2F5A15-80F7-412F-810B-394B4BB584F7}.Debug|x86.ActiveCfg = Debug|Win32
		{CD2F5A15-80F7-412F-810B-394B4BB584F7}.Debug|x86.Build.0 = Debug|Win32
		{CD2F5A15-80F7-412F-810B-394B4BB584F7}.Release|x64.ActiveCfg = Release|x64
		{CD2F5A15-80F7-412F-810B-394B4BB584F7}.Release|x64.Build.0 = Release|x64
		{CD2F5A15-80F7-412F-810B-394B4BB584F7}.Release|x86.ActiveCfg = Release|Win32
		{CD2F5A15-80F7-412F-810B-394B4BB584F7}.Release|x86.Build.0 = Release|Win32
		{59510F0C-3A14-42E3-B141-022A269E8023}.Debug|x64.ActiveCfg = Debug|x64
		{59510F0C-3A14-42E3-B141-022A269E8023}.Debug|x64.Build.0 = Debug|x64
		{59510F0C-3A14-42E3-B141-022A269E8023}.Debug|x86.ActiveCfg = Debug|Win32
		{59510F0C-3A14-42E3-B141-022A269E8023}.Debug|x86.Build.0 = Debug|Win32
		{59510F0C-3A14-42E3-B141-022A269E8023}.Release|x64.ActiveCfg = Release|x64
		{59510F0C-3A14-42E3-B141-022A269E8023}.Release|x64.Build.0 = Release|x64
		{59510F0C-3A14-42E3-B141-022A269E8023}.Release|x86.ActiveCfg = Release|Win32
		{59510F0C-3A14-42E3-B141-022A269E8023}.Release|x86.Build.0 = Release|Win32
		{7F3C780B-3CD1-419E-86B0-CF2513A293D7}.Debug|x64.ActiveCfg = Debug|x64
		{7F3C780B-3CD1-419E-86B0-CF2513A293D7}.Debug|x64.Build.0 = Debug|x64
		{7F3C780B-3CD1-419E-86B0-CF2513A293D7}.Debug|x86.ActiveCfg = Debug|Win32
		{7F3C780B-3CD1-419E-86B0-CF2513A293D7}.Debug|x86.Build.0 = Debug|Win32
		{7F3C780B-3CD1-419E-86B0-CF2513A293D7}.Release|x64.ActiveCfg = Release|x64
		{7F3C780B-3CD1-419E-86B0-CF2513A293D7}.Release|x64.Build.0 = Release|x64
		{7F3C780B-3CD1-419E-86B0-CF2513A293D7}.Release|x86.ActiveCfg = Release|Win32
		{7F3C780B-3CD1-419E-86B0-CF2513A293D7}.Release|x86.Build.0 = Release|Win32
		{A33ECEB0-4AAC-4CB4-B396-E1752D52ED30}.Debug|x64.ActiveCfg = Debug|x64
		{A33ECEB0-4AAC-4CB4-B396-E1752D52ED30}.Debug|x64.Build.0 = Debug|x64
		{A33ECEB0-4AAC-4CB4-B396-E1752D52ED30}.Debug|x86.ActiveCfg = Debug|Win32
		{A33ECEB0-4AAC-4CB4-B396-E1752D52ED30}.Debug|x86.Build.0 = Debug|Win32
		{A33ECEB0-4AAC-4CB4-B396-E1752D52ED30}.Release|x64.ActiveCfg = Release|x64
		{A33ECEB0-4AAC-4CB4-B396-E1752D52ED30}.Release|x64.Build.0 = Release|x64
		{A33ECEB0-4AAC-4CB4-B396-E1752D52ED30}.Release|x86.ActiveCfg = Release|Win32
		{A33ECEB0-4AAC-4CB4-B396-E1752D52ED30}.Release|x86.Build.0 = Release|Win32
		{CE74E2B7-9894-454C-B9B8-B12127203775}.Debug|x64.ActiveCfg = Debug|x64
		{CE74E2B7-9894-454C-B9B8-B12127203775}.Debug|x64.Build.0 = Debug|x64
		{CE74E2B7-9894-454C-B9B8-B12127203775}.Debug|x86.ActiveCfg = Debug|Win32
		{CE74E2B7-9894-454C-B9B8-B12127203775}.Debug|x86.Build.0 = Debug|Win32
		{CE74E2B7-9894-454C-B9B8-B12127203775}.Release|x64.ActiveCfg = Release|x64
		{CE74E2B7-9894-454C-B9B8-B12127203775}.Release|x64.Build.0 = Release|x64
		{CE74E2B7-9894-454C-B9B8-B12127203775}.Release|x86.ActiveCfg = Release|Win32
		{CE74E2B7-9894-454C-B9B8-B12127203775}.Release|x86.Build.0 = Release|Win32
		{B9FDCC92-C749-428D-B2C5-66FCD6AF829A}.Debug|x64.ActiveCfg = Debug|x64
		{B9FDCC92-C749-428D-B2C5-66FCD6AF829A}.Debug|x64.Build.0 = Debug|x64
		{B9FDCC92-C749-428D-B2C5-66FCD6AF829A}.Debug|x86.ActiveCfg = Debug|Win32
		{B9FDCC92-C749-428D-B2C5-66FCD6AF829A}.Debug|x86.Build.0 = Debug|Win32
		{B9FDCC92-C749-428D-B2C5-66FCD6AF829A}.Release|x64.ActiveCfg = Release|x64
		{B9FDCC92-C749-428D-B2C5-66FCD6AF829A}.Release|x64.Build.0 = Release|x64
		{B9FDCC92-C749-428D-B2C5-66FCD6AF829A}.Release|x86.ActiveCfg = Release|Win32
		{B9FDCC92-C749-428D-B2C5-66FCD6AF829A}.Release|x86.Build.0 = Release|Win32
		{1BA4F111-8B11-463E-AB7A-777A22F674C7}.Debug|x64.ActiveCfg = Debug|x64
		{1BA4F111-8B11-463E-AB7A-777A22F674C7}.Debug|x64.Build.0 = Debug|x64
		{1BA4F111-8B11-463E-AB7A-777A22F674C7}.Debug|x86.ActiveCfg = Debug|Win32
		{1BA4F111-8B11-463E-AB7A-777A22F674C7}.Debug|x86.Build.0 = Debug|Win32
		{1BA4F111-8B11-463E-AB7A-777A22F674C7}.Release|x64.ActiveCfg = Release|x64
		{1BA4F111-8B11-463E-AB7A-777A22F674C7}.Release|x64.Build.0 = Release|x64
		{1BA4F111-8B11-463E-AB7A-777A22F674C7}.Release|x86.ActiveCfg = Release|Win32
		{1BA4F111-8B11-463E-AB7A-777A22F674C7}.Release|x86.Build.0 = Release|Win32
		{BA01B870-A4F0-44B0-969F-57D11B2BDAD3}.Debug|x64.ActiveCfg = Debug|x64
		{BA01B870-A4F0-44B0-969F-57D11B2BDAD3}.Debug|x64.Build.0 = Debug|x64
		{BA01B870-A4F0-44B0-969F-57D11B2BDAD3}.Debug|x86.ActiveCfg = Debug|Win32
		{BA01B870-A4F0-44B0-969F-57D11B2BDAD3}.Debug|x86.Build.0 = Debug|Win32
		{BA01B870-A4F0-44B0-969F-57D11B2BDAD3}.Release|x64.ActiveCfg = Release|x64
		{BA01B870-A4F0-44B0-969F-57D11B2BDAD3}.Release|x64.Build.0 = Release|x64
		{BA01B870-A4F0-44B0-969F-57D11B2BDAD3}.Release|x86.ActiveCfg = Release|Win32
		{BA01B870-A4F0-44B0-969F-57D11B2BDAD3}.Release|x86.Build.0 = Release|Win32
		{B8CB4319-0E06-4298-9F01-388B91312F04}.Debug|x64.ActiveCfg = Debug|x64
		{B8CB4319-0E06-4298-9F01-388B91312F04}.Debug|x64.Build.0 = Debug|x64
		{B8CB4319-0E06-4298-9F01-388B91312F04}.Debug|x86.ActiveCfg = Debug|Win32
		{B8CB4319-0E06-4298-9F01-388B91312F04}.Debug|x86.Build.0 = Debug|Win32
		{B8CB4319-0E06-4298-9F01-388B91312F04}.Release|x64.ActiveCfg = Release|x64
		{B8CB4319-0E06-4298-9F01-388B91312F04}.Release|x64.Build.0 = Release|x64
		{B8CB4319-0E06-4298-9F01-388B91312F04}.Release|x86.ActiveCfg = Release|Win32
		{B8CB4319-0E06-4298-9F01-388B91312F04}.Release|x86.Build.0 = Release|Win32
		{65DF4573-9BCE-4C18-AB78-4009F84A6815}.Debug|x64.ActiveCfg = Debug|x64
		{65DF4573-9BCE-4C18-AB78-4009F84A6815}.Debug|x64.Build.0 = Debug|x64
		{65DF4573-9BCE-4C18-AB78-4009F84A6815}.Debug|x86.ActiveCfg = Debug|Win32
		{65DF4573-9BCE-4C18-AB78-4009F84A6815}.Debug|x86.Build.0 = Debug|Win32
		{65DF4573-9BCE-4C18-AB78-4009F84A6815}.Release|x64.ActiveCfg = Release|x64
		{65DF4573-9BCE-4C18-AB78-4009F84A6815}.Release|x64.Build.0 = Release|x64
		{65DF4573-9BCE-4C18-AB78-4009F84A6815}.Release|x86.ActiveCfg = Release|Win32
		{65DF4573-9BCE-4C18-AB78-4009F84A6815}.Release|x86.Build.0 = Release|Win32
		{A41B93CF-0098-4756-8B20-AF1A046DEFBB}.Debug|x64.ActiveCfg = Debug|x64
		{A41B93CF-0098-4756-8B20-AF1A046DEFBB}.Debug|x64.Build.0 = Debug|x64
		{A41B93CF-0098-4756-8B20-AF1A046DEFBB}.Debug|x86.ActiveCfg = Debug|Win32
		{A41B93CF-0098-4756-8B20-AF1A046DEFBB}.Debug|x86.Build.0 = Debug|Win32
		{A41B93CF-0098-4756-8B20-AF1A046DEFBB}.Release|x64.ActiveCfg = Release|x64
		{A41B93CF-0098-4756-8B20-AF1A046DEFBB}.Release|x64.Build.0 = Release|x64
		{A41B93CF-0098-4756-8B20-AF1A046DEFBB}.Release|x86.ActiveCfg = Release|Win32
		{A41B93CF-0098-4756-8B20-AF1A046DEFBB}.Release|x86.Build.0 = Release|Win32
		{F23A7B78-D0EA-40B9-A12D-065FBC50C10D}.Debug|x64.ActiveCfg = Debug|x64
		{F23A7B78-D0EA-40B9-A12D-065FBC50C10D}.Debug|x64.Build.0 = Debug|x64
		{F23A7B78-D0EA-40B9-A12D-065FBC50C10D}.Debug|x86.ActiveCfg = Debug|Win32
		{F23A7B78-D0EA-40B9-A12D-065FBC50C10D}.Debug|x86.Build.0 = Debug|Win32
		{F23A7B78-D0EA-40B9-A12D-065FBC50C10D}.Release|x64.ActiveCfg = Release|x64
		{F23A7B78-D0EA-40B9-A12D-065FBC50C10D}.Release|x64.Build.0 = Release|x64
		{F23A7B78-D0EA-40B9-A12D-065FBC50C10D}.Release|x86.ActiveCfg = Release|Win32
		{F23A7B78-D0EA-40B9-A12D-065FBC50C10D}.Release|x86.Build.0 = Release|Win32
		{ED4B73A3-5A3A-4FF0-8B5D-A0364DC1B698}.Debug|x64.ActiveCfg = Debug|x64
		{ED4B73A3-5A3A-4FF0-8B5D-A0364DC1B698}.Debug|x64.Build.0 = Debug|x64
		{ED4B73A3-5A3A-4FF0-8B5D-A0364DC1B698}.Debug|x86.ActiveCfg = Debug|Win32
		{ED4B73A3-5A3A-4FF0-8B5D-A0364DC1B698}.Debug|x86.Build.0 = Debug|Win32
		{ED4B73A3-5A3A-4FF0-8B5D-A0364DC1B698}.Release|x64.ActiveCfg = Release|x64
		{ED4B73A3-5A3A-4FF0-8B5D-A0364DC1B698}.Release|x64.Build.0 = Release|x64
		{ED4B73A3-5A3A-4FF0-8B5D-A0364DC1B698}.Release|x86.ActiveCfg = Release|Win32
		{ED4B73A3-5A3A-4FF0-8B5D-A0364DC1B698}.Release|x86.Build.0 = Release|Win32
		{F9470620-D4E9-47F8-8F03-EBF848AAFEA1}.Debug|x64.ActiveCfg = Debug|x64
		{F9470620-D4E9-47F8-8F03-EBF848AAFEA1}.Debug|x64.Build.0 = Debug|x64
		{F9470620-D4E9-47F8-8F03-EBF848AAFEA1}.Debug|x86.ActiveCfg = Debug|Win32
		{F9470620-D4E9-47F8-8F03-EBF848AAFEA1}.Debug|x86.Build.0 = Debug|Win32
		{F9470620-D4E9-47F8-8F03-EBF848AAFEA1}.Release|x64.ActiveCfg = Release|x64
		{F9470620-D4E9-47F8-8F03-EBF848AAFEA1}.Release|x64.Build.0 = Release|x64
		{F9470620-D4E9-47F8-8F03-EBF848AAFEA1}.Release|x86.ActiveCfg = Release|Win32
		{F9470620-D4E9-47F8-8F03-EBF848AAFEA1}.Release|x86.Build.0 = Release|Win32
		{1B2F9A0B-C9EB-44DD-A1CF-0A7CA51CA9ED}.Debug|x64.ActiveCfg = Debug|x64
		{1B2F9A0B-C9EB-44DD-A1CF-0A7CA51CA9ED}.Debug|x64.Build.0 = Debug|x64
		{1B2F9A0B-C9EB-44DD-A1CF-0A7CA51CA9ED}.Debug|x86.ActiveCfg = Debug|Win32
		{1B2F9A0B-C9EB-44DD-A1CF-0A7CA51CA9ED}.Debug|x86.Build.0 = Debug|Win32
		{1B2F9A0B-C9EB-44DD-A1CF-0A7CA51CA9ED}.Release|x64.ActiveCfg = Release|x64
		{1B2F9A0B-C9EB-44DD-A1CF-0A7CA51CA9ED}.Release|x64.Build.0 = Release|x64
		{1B2F9A0B-C9EB-44DD-A1CF-0A7CA51CA9ED}.Release|x86.ActiveCfg = Release|Win32
		{1B2F9A0B-C9EB-44DD-A1CF-0A7CA51CA9ED}.Release|x86.Build.0 = Release|Win32
		{854894F0-A8ED-4450-BAA4-1B3D2D26B467}.Debug|x64.ActiveCfg = Debug|x64
		{854894F0-A8ED-4450-BAA4-1B3D2D26B467}.Debug|x64.Build.0 = Debug|x64
		{854894F0-A8ED-4450-BAA4-1B3D2D26B467}.Debug|x86.ActiveCfg = Debug|Win32
		{854894F0-A8ED-4450-BAA4-1B3D2D26B467}.Debug|x86.Build.0 = Debug|Win32
		{854894F0-A8ED-4450-BAA4-1B3D2D26B467}.Release|x64.ActiveCfg = Release|x64
		{854894F0-A8ED-4450-BAA4-1B3D2D26B467}.Release|x64.Build.0 = Release|x64
		{854894F0-A8ED-4450-BAA4-1B3D2D26B467}.Release|x86.ActiveCfg = Release|Win32
		{854894F0-A8ED-4450-BAA4-1B3D2D26B467}.Release|x86.Build.0 = Release|Win32
		{70012826-8F11-4CBE-A43E-E25818E398DE}.Debug|x64.ActiveCfg = Debug|x64
		{70012826-8F11-4CBE-A43E-E25818E398DE}.Debug|x64.Build.0 = Debug|x64
		{70012826-8F11-4CBE-A43E-E25818E398DE}.Debug|x86.ActiveCfg = Debug|Win32
		{70012826-8F11-4CBE-A43E-E25818E398DE}.Debug|x86.Build.0 = Debug|Win32
		{70012826-8F11-4CBE-A43E-E25818E398DE}.Release|x64.ActiveCfg = Release|x64
		{70012826-8F11-4CBE-A43E-E25818E398DE}.Release|x64.Build.0 = Release|x64
		{70012826-8F11-4CBE-A43E-E25818E398DE}.Release|x86.ActiveCfg = Release|Win32
		{70012826-8F11-4CBE-A43E-E25818E398DE}.Release|x86.Build.0 = Release|Win32
		{02FB85FB-637F-4F9B-9D1B-08B71927643E}.Debug|x64.ActiveCfg = Debug|x64
		{02FB85FB-637F-4F9B-9D1B-08B71927643E}.Debug|x64.Build.0 = Debug|x64
		{02FB85FB-637F-4F9B-9D1B-08B71927643E}.Debug|x86.ActiveCfg = Debug|Win32
		{02FB85FB-637F-4F9B-9D1B-08B71927643E}.Debug|x86.Build.0 = Debug|Win32
		{02FB85FB-637F-4F9B-9D1B-08B71927643E}.Release|x64.ActiveCfg = Release|x64
		{02FB85FB-637F-4F9B-9D1B-08B71927643E}.Release|x64.Build.0 = Release|x64
		{02FB85FB-637F-4F9B-9D1B-08B71927643E}.Release|x86.ActiveCfg = Release|Win32
		{02FB85FB-637F-4F9B-9D1B-08B71927643E}.Release|x86.Build.0 = Release|Win32
		{08E3CCD7-9D50-49A8-8F69-D017FC44BD32}.Debug|x64.ActiveCfg = Debug|x64
		{08E3CCD7-9D50-49A8-8F69-D017FC44BD32}.Debug|x64.Build.0 = Debug|x64
		{08E3CCD7-9D50-49A8-8F69-D017FC44BD32}.Debug|x86.ActiveCfg = Debug|Win32
		{08E3CCD7-9D50-49A8-8F69-D017FC44BD32}.Debug|x86.Build.0 = Debug|Win32
		{08E3CCD7-9D50-49A8-8F69-D017FC44BD32}.Release|x64.ActiveCfg = Release|x64
		{08E3CCD7-9D50-49A8-8F69-D017FC44BD32}.Release|x64.Build.0 = Release|x64
		{08E3CCD7-9D50-49A8-8F69-D017FC44BD32}.Release|x86.ActiveCfg = Release|Win32
		{08E3CCD7-9D50-49A8-8F69-D017FC44BD32}.Release|x86.Build.0 = Release|Win32
		{8B56C727-B018-43E4-BF59-1DDC336E8D87}.Debug|x64.ActiveCfg = Debug|x64
		{8B56C727-B018-43E4-BF59-1DDC336E8D87}.Debug|x64.Build.0 = Debug|x64
		{8B56C727-B018-43E4-BF59-1DDC336E8D87}.Debug|x86.ActiveCfg = Debug|Win32
		{8B56C727-B018-43E4-BF59-1DDC336E8D87}.Debug|x86.Build.0 = Debug|Win32
		{8B56C727-B018-43E4-BF59-1DDC336E8D87}.Release|x64.ActiveCfg = Release|x64
		{8B56C727-B018-43E4-BF59-1DDC336E8D87}.Release|x64.Build.0 = Release|x64
		{8B56C727-B018-43E4-BF59-1DDC336E8D87}.Release|x86.ActiveCfg = Release|Win32
		{8B56C727-B018-43E4-BF59-1DDC336E8D87}.Release|x86.Build.0 = Release|Win32
		{C161D8EC-7D52-4BC1-AD51-CE1EBB44D14E}.Debug|x64.ActiveCfg = Debug|x64
		{C161D8EC-7D52-4BC1-AD51-CE1EBB44D14E}.Debug|x64.Build.0 = Debug|x64
		{C161D8EC-7D52-4BC1-AD51-CE1EBB44D14E}.Debug|x86.ActiveCfg = Debug|Win32
		{C161D8EC-7D52-4BC1-AD51-CE1EBB44D14E}.Debug|x86.Build.0 = Debug|Win32
		{C161D8EC-7D52-4BC1-AD51-CE1EBB44D14E}.Release|x64.ActiveCfg = Release|x64
		{C161D8EC-7D52-4BC1-AD51-CE1EBB44D14E}.Release|x64.Build.0 = Release|x64
		{C161D8EC-7D52-4BC1-AD51-CE1EBB44D14E}.Release|x86.ActiveCfg = Release|Win32
		{C161D8EC-7D52-4BC1-AD51-CE1EBB44D14E}.Release|x86.Build.0 = Release|Win32
		{86FC3E2B-2598-458F-831A-9DDE776137E2}.Debug|x64.ActiveCfg = Debug|x64
		{86FC3E2B-2598-458F-831A-9DDE776137E2}.Debug|x64.Build.0 = Debug|x64
		{86FC3E2B-2598-458F-831A-9DDE776137E2}.Debug|x86.ActiveCfg = Debug|Win32
		{86FC3E2B-2598-458F-831A-9DDE776137E2}.Debug|x86.Build.0 = Debug|Win32
		{86FC3E2B-2598-458F-831A-9DDE776137E2}.Release|x64.ActiveCfg = Release|x64
		{86FC3E2B-2598-458F-831A-9DDE776137E2}.Release|x64.Build.0 = Release|x64
		{86FC3E2B-2598-458F-831A-9DDE776137E2}.Release|x86.ActiveCfg = Release|Win32
		{86FC3E2B-2598-458F-831A-9DDE776137E2}.Release|x86.Build.0 = Release|Win32
	EndGlobalSection
	GlobalSection(SolutionProperties) = preSolution
		HideSolutionNode = FALSE
	EndGlobalSection
	GlobalSection(ExtensibilityGlobals) = postSolution
		SolutionGuid = {FDAF33B4-E800-44E7-9076-08D878F721BA}
	EndGlobalSection
EndGlobal
